# THIS IS AN AUTOGENERATED FILE. DO NOT EDIT THIS FILE DIRECTLY.
# yarn lockfile v1


paper-button@^0.0.0:
  version "0.0.0"
  resolved "https://registry.yarnpkg.com/paper-button/-/paper-button-0.0.0.tgz#37c11a5e82f9527d140aa1bbb4875fcef3c9761d"

paper-checkbox@^0.10.0:
  version "0.10.0"
  resolved "https://registry.yarnpkg.com/paper-checkbox/-/paper-checkbox-0.10.0.tgz#67747c012318bae58982407dee1f27c3ddac12e2"
